
Microsoft Visual Studio Solution File, Format Version 12.00
# Visual Studio Version 16
VisualStudioVersion = 16.0.31112.23
MinimumVisualStudioVersion = 10.0.40219.1
Project("{8BC9CEB8-8B4A-11D0-8D11-00A0C91BC942}") = "Socket", "Socket.vcxproj", "{6B83712D-2E8E-4279-8B34-CF330F654E00}"
EndProject
Global
	GlobalSection(SolutionConfigurationPlatforms) = preSolution
		Debug|x64 = Debug|x64
		Debug|x86 = Debug|x86
		Release|x64 = Release|x64
		Release|x86 = Release|x86
	EndGlobalSection
	GlobalSection(ProjectConfigurationPlatforms) = postSolution
		{6B83712D-2E8E-4279-8B34-CF330F654E00}.Debug|x64.ActiveCfg = Debug|x64
		{6B83712D-2E8E-4279-8B34-CF330F654E00}.Debug|x64.Build.0 = Debug|x64
		{6B83712D-2E8E-4279-8B34-CF330F654E00}.Debug|x86.ActiveCfg = Debug|Win32
		{6B83712D-2E8E-4279-8B34-CF330F654E00}.Debug|x86.Build.0 = Debug|Win32
		{6B83712D-2E8E-4279-8B34-CF330F654E00}.Release|x64.ActiveCfg = Release|x64
		{6B83712D-2E8E-4279-8B34-CF330F654E00}.Release|x64.Build.0 = Release|x64
		{6B83712D-2E8E-4279-8B34-CF330F654E00}.Release|x86.ActiveCfg = Release|Win32
		{6B83712D-2E8E-4279-8B34-CF330F654E00}.Release|x86.Build.0 = Release|Win32
	EndGlobalSection
	GlobalSection(SolutionProperties) = preSolution
		HideSolutionNode = FALSE
	EndGlobalSection
	GlobalSection(ExtensibilityGlobals) = postSolution
		SolutionGuid = {91B7FF6D-815E-46D6-9924-0DD3BD0AF340}
	EndGlobalSection
EndGlobal
